PODS:
  - Alamofire (5.5.0)
  - IQKeyboardManagerSwift (6.5.9)
  - SwiftyAvatar (1.1.3)
  - SwiftyJSON (5.0.1)

DEPENDENCIES:
  - Alamofire
  - IQKeyboardManagerSwift
  - SwiftyAvatar
  - SwiftyJSON

SPEC REPOS:
  trunk:
    - Alamofire
    - IQKeyboardManagerSwift
    - SwiftyAvatar
    - SwiftyJSON

SPEC CHECKSUMS:
  Alamofire: 1c4fb5369c3fe93d2857c780d8bbe09f06f97e7c
  IQKeyboardManagerSwift: 6e839c575c4aa1078d58a596e41244e77abe918f
  SwiftyAvatar: 33aecda825c91851cac2aabd06b33f3698b2414c
  SwiftyJSON: 2f33a42c6fbc52764d96f13368585094bfd8aa5e

PODFILE CHECKSUM: a4fac4552a60865fb89b879bf65a543293d98e7e

COCOAPODS: 1.11.2
