// !$*UTF8*$!
{
	archiveVersion = 1;
	classes = {
	};
	objectVersion = 55;
	objects = {

/* Begin PBXBuildFile section */
		B6E0966F27F6B49C0051CBC6 /* AppDelegate.swift in Sources */ = {isa = PBXBuildFile; fileRef = B6E0966E27F6B49C0051CBC6 /* AppDelegate.swift */; };
		B6E0967127F6B49C0051CBC6 /* SceneDelegate.swift in Sources */ = {isa = PBXBuildFile; fileRef = B6E0967027F6B49C0051CBC6 /* SceneDelegate.swift */; };
		B6E0967327F6B49C0051CBC6 /* ViewController.swift in Sources */ = {isa = PBXBuildFile; fileRef = B6E0967227F6B49C0051CBC6 /* ViewController.swift */; };
		B6E0967627F6B49C0051CBC6 /* Main.storyboard in Resources */ = {isa = PBXBuildFile; fileRef = B6E0967427F6B49C0051CBC6 /* Main.storyboard */; };
		B6E0967827F6B49E0051CBC6 /* Assets.xcassets in Resources */ = {isa = PBXBuildFile; fileRef = B6E0967727F6B49E0051CBC6 /* Assets.xcassets */; };
		B6E0967B27F6B49E0051CBC6 /* LaunchScreen.storyboard in Resources */ = {isa = PBXBuildFile; fileRef = B6E0967927F6B49E0051CBC6 /* LaunchScreen.storyboard */; };
		B6E0968627F6B49E0051CBC6 /* TollCalculatorTests.swift in Sources */ = {isa = PBXBuildFile; fileRef = B6E0968527F6B49E0051CBC6 /* TollCalculatorTests.swift */; };
		B6E0969027F6B49E0051CBC6 /* TollCalculatorUITests.swift in Sources */ = {isa = PBXBuildFile; fileRef = B6E0968F27F6B49E0051CBC6 /* TollCalculatorUITests.swift */; };
		B6E0969227F6B49E0051CBC6 /* TollCalculatorUITestsLaunchTests.swift in Sources */ = {isa = PBXBuildFile; fileRef = B6E0969127F6B49E0051CBC6 /* TollCalculatorUITestsLaunchTests.swift */; };
/* End PBXBuildFile section */

/* Begin PBXContainerItemProxy section */
		B6E0968227F6B49E0051CBC6 /* PBXContainerItemProxy */ = {
			isa = PBXContainerItemProxy;
			containerPortal = B6E0966327F6B49C0051CBC6 /* Project object */;
			proxyType = 1;
			remoteGlobalIDString = B6E0966A27F6B49C0051CBC6;
			remoteInfo = TollCalculator;
		};
		B6E0968C27F6B49E0051CBC6 /* PBXContainerItemProxy */ = {
			isa = PBXContainerItemProxy;
			containerPortal = B6E0966327F6B49C0051CBC6 /* Project object */;
			proxyType = 1;
			remoteGlobalIDString = B6E0966A27F6B49C0051CBC6;
			remoteInfo = TollCalculator;
		};
/* End PBXContainerItemProxy section */

/* Begin PBXFileReference section */
		B6E0966B27F6B49C0051CBC6 /* TollCalculator.app */ = {isa = PBXFileReference; explicitFileType = wrapper.application; includeInIndex = 0; path = TollCalculator.app; sourceTree = BUILT_PRODUCTS_DIR; };
		B6E0966E27F6B49C0051CBC6 /* AppDelegate.swift */ = {isa = PBXFileReference; lastKnownFileType = sourcecode.swift; path = AppDelegate.swift; sourceTree = "<group>"; };
		B6E0967027F6B49C0051CBC6 /* SceneDelegate.swift */ = {isa = PBXFileReference; lastKnownFileType = sourcecode.swift; path = SceneDelegate.swift; sourceTree = "<group>"; };
		B6E0967227F6B49C0051CBC6 /* ViewController.swift */ = {isa = PBXFileReference; lastKnownFileType = sourcecode.swift; path = ViewController.swift; sourceTree = "<group>"; };
		B6E0967527F6B49C0051CBC6 /* Base */ = {isa = PBXFileReference; lastKnownFileType = file.storyboard; name = Base; path = Base.lproj/Main.storyboard; sourceTree = "<group>"; };
		B6E0967727F6B49E0051CBC6 /* Assets.xcassets */ = {isa = PBXFileReference; lastKnownFileType = folder.assetcatalog; path = Assets.xcassets; sourceTree = "<group>"; };
		B6E0967A27F6B49E0051CBC6 /* Base */ = {isa = PBXFileReference; lastKnownFileType = file.storyboard; name = Base; path = Base.lproj/LaunchScreen.storyboard; sourceTree = "<group>"; };
		B6E0967C27F6B49E0051CBC6 /* Info.plist */ = {isa = PBXFileReference; lastKnownFileType = text.plist.xml; path = Info.plist; sourceTree = "<group>"; };
		B6E0968127F6B49E0051CBC6 /* TollCalculatorTests.xctest */ = {isa = PBXFileReference; explicitFileType = wrapper.cfbundle; includeInIndex = 0; path = TollCalculatorTests.xctest; sourceTree = BUILT_PRODUCTS_DIR; };
		B6E0968527F6B49E0051CBC6 /* TollCalculatorTests.swift */ = {isa = PBXFileReference; lastKnownFileType = sourcecode.swift; path = TollCalculatorTests.swift; sourceTree = "<group>"; };
		B6E0968B27F6B49E0051CBC6 /* TollCalculatorUITests.xctest */ = {isa = PBXFileReference; explicitFileType = wrapper.cfbundle; includeInIndex = 0; path = TollCalculatorUITests.xctest; sourceTree = BUILT_PRODUCTS_DIR; };
		B6E0968F27F6B49E0051CBC6 /* TollCalculatorUITests.swift */ = {isa = PBXFileReference; lastKnownFileType = sourcecode.swift; path = TollCalculatorUITests.swift; sourceTree = "<group>"; };
		B6E0969127F6B49E0051CBC6 /* TollCalculatorUITestsLaunchTests.swift */ = {isa = PBXFileReference; lastKnownFileType = sourcecode.swift; path = TollCalculatorUITestsLaunchTests.swift; sourceTree = "<group>"; };
/* End PBXFileReference section */

/* Begin PBXFrameworksBuildPhase section */
		B6E0966827F6B49C0051CBC6 /* Frameworks */ = {
			isa = PBXFrameworksBuildPhase;
			buildActionMask = 2147483647;
			files = (
			);
			runOnlyForDeploymentPostprocessing = 0;
		};
		B6E0967E27F6B49E0051CBC6 /* Frameworks */ = {
			isa = PBXFrameworksBuildPhase;
			buildActionMask = 2147483647;
			files = (
			);
			runOnlyForDeploymentPostprocessing = 0;
		};
		B6E0968827F6B49E0051CBC6 /* Frameworks */ = {
			isa = PBXFrameworksBuildPhase;
			buildActionMask = 2147483647;
			files = (
			);
			runOnlyForDeploymentPostprocessing = 0;
		};
/* End PBXFrameworksBuildPhase section */

/* Begin PBXGroup section */
		B6E0966227F6B49C0051CBC6 = {
			isa = PBXGroup;
			children = (
				B6E0966D27F6B49C0051CBC6 /* TollCalculator */,
				B6E0968427F6B49E0051CBC6 /* TollCalculatorTests */,
				B6E0968E27F6B49E0051CBC6 /* TollCalculatorUITests */,
				B6E0966C27F6B49C0051CBC6 /* Products */,
			);
			sourceTree = "<group>";
		};
		B6E0966C27F6B49C0051CBC6 /* Products */ = {
			isa = PBXGroup;
			children = (
				B6E0966B27F6B49C0051CBC6 /* TollCalculator.app */,
				B6E0968127F6B49E0051CBC6 /* TollCalculatorTests.xctest */,
				B6E0968B27F6B49E0051CBC6 /* TollCalculatorUITests.xctest */,
			);
			name = Products;
			sourceTree = "<group>";
		};
		B6E0966D27F6B49C0051CBC6 /* TollCalculator */ = {
			isa = PBXGroup;
			children = (
				B6E0966E27F6B49C0051CBC6 /* AppDelegate.swift */,
				B6E0967027F6B49C0051CBC6 /* SceneDelegate.swift */,
				B6E0967227F6B49C0051CBC6 /* ViewController.swift */,
				B6E0967427F6B49C0051CBC6 /* Main.storyboard */,
				B6E0967727F6B49E0051CBC6 /* Assets.xcassets */,
				B6E0967927F6B49E0051CBC6 /* LaunchScreen.storyboard */,
				B6E0967C27F6B49E0051CBC6 /* Info.plist */,
			);
			path = TollCalculator;
			sourceTree = "<group>";
		};
		B6E0968427F6B49E0051CBC6 /* TollCalculatorTests */ = {
			isa = PBXGroup;
			children = (
				B6E0968527F6B49E0051CBC6 /* TollCalculatorTests.swift */,
			);
			path = TollCalculatorTests;
			sourceTree = "<group>";
		};
		B6E0968E27F6B49E0051CBC6 /* TollCalculatorUITests */ = {
			isa = PBXGroup;
			children = (
				B6E0968F27F6B49E0051CBC6 /* TollCalculatorUITests.swift */,
				B6E0969127F6B49E0051CBC6 /* TollCalculatorUITestsLaunchTests.swift */,
			);
			path = TollCalculatorUITests;
			sourceTree = "<group>";
		};
/* End PBXGroup section */

/* Begin PBXNativeTarget section */
		B6E0966A27F6B49C0051CBC6 /* TollCalculator */ = {
			isa = PBXNativeTarget;
			buildConfigurationList = B6E0969527F6B49E0051CBC6 /* Build configuration list for PBXNativeTarget "TollCalculator" */;
			buildPhases = (
				B6E0966727F6B49C0051CBC6 /* Sources */,
				B6E0966827F6B49C0051CBC6 /* Frameworks */,
				B6E0966927F6B49C0051CBC6 /* Resources */,
			);
			buildRules = (
			);
			dependencies = (
			);
			name = TollCalculator;
			productName = TollCalculator;
			productReference = B6E0966B27F6B49C0051CBC6 /* TollCalculator.app */;
			productType = "com.apple.product-type.application";
		};
		B6E0968027F6B49E0051CBC6 /* TollCalculatorTests */ = {
			isa = PBXNativeTarget;
			buildConfigurationList = B6E0969827F6B49E0051CBC6 /* Build configuration list for PBXNativeTarget "TollCalculatorTests" */;
			buildPhases = (
				B6E0967D27F6B49E0051CBC6 /* Sources */,
				B6E0967E27F6B49E0051CBC6 /* Frameworks */,
				B6E0967F27F6B49E0051CBC6 /* Resources */,
			);
			buildRules = (
			);
			dependencies = (
				B6E0968327F6B49E0051CBC6 /* PBXTargetDependency */,
			);
			name = TollCalculatorTests;
			productName = TollCalculatorTests;
			productReference = B6E0968127F6B49E0051CBC6 /* TollCalculatorTests.xctest */;
			productType = "com.apple.product-type.bundle.unit-test";
		};
		B6E0968A27F6B49E0051CBC6 /* TollCalculatorUITests */ = {
			isa = PBXNativeTarget;
			buildConfigurationList = B6E0969B27F6B49E0051CBC6 /* Build configuration list for PBXNativeTarget "TollCalculatorUITests" */;
			buildPhases = (
				B6E0968727F6B49E0051CBC6 /* Sources */,
				B6E0968827F6B49E0051CBC6 /* Frameworks */,
				B6E0968927F6B49E0051CBC6 /* Resources */,
			);
			buildRules = (
			);
			dependencies = (
				B6E0968D27F6B49E0051CBC6 /* PBXTargetDependency */,
			);
			name = TollCalculatorUITests;
			productName = TollCalculatorUITests;
			productReference = B6E0968B27F6B49E0051CBC6 /* TollCalculatorUITests.xctest */;
			productType = "com.apple.product-type.bundle.ui-testing";
		};
/* End PBXNativeTarget section */

/* Begin PBXProject section */
		B6E0966327F6B49C0051CBC6 /* Project object */ = {
			isa = PBXProject;
			attributes = {
				BuildIndependentTargetsInParallel = 1;
				LastSwiftUpdateCheck = 1320;
				LastUpgradeCheck = 1320;
				TargetAttributes = {
					B6E0966A27F6B49C0051CBC6 = {
						CreatedOnToolsVersion = 13.2.1;
					};
					B6E0968027F6B49E0051CBC6 = {
						CreatedOnToolsVersion = 13.2.1;
						TestTargetID = B6E0966A27F6B49C0051CBC6;
					};
					B6E0968A27F6B49E0051CBC6 = {
						CreatedOnToolsVersion = 13.2.1;
						TestTargetID = B6E0966A27F6B49C0051CBC6;
					};
				};
			};
			buildConfigurationList = B6E0966627F6B49C0051CBC6 /* Build configuration list for PBXProject "TollCalculator" */;
			compatibilityVersion = "Xcode 13.0";
			developmentRegion = en;
			hasScannedForEncodings = 0;
			knownRegions = (
				en,
				Base,
			);
			mainGroup = B6E0966227F6B49C0051CBC6;
			productRefGroup = B6E0966C27F6B49C0051CBC6 /* Products */;
			projectDirPath = "";
			projectRoot = "";
			targets = (
				B6E0966A27F6B49C0051CBC6 /* TollCalculator */,
				B6E0968027F6B49E0051CBC6 /* TollCalculatorTests */,
				B6E0968A27F6B49E0051CBC6 /* TollCalculatorUITests */,
			);
		};
/* End PBXProject section */

/* Begin PBXResourcesBuildPhase section */
		B6E0966927F6B49C0051CBC6 /* Resources */ = {
			isa = PBXResourcesBuildPhase;
			buildActionMask = 2147483647;
			files = (
				B6E0967B27F6B49E0051CBC6 /* LaunchScreen.storyboard in Resources */,
				B6E0967827F6B49E0051CBC6 /* Assets.xcassets in Resources */,
				B6E0967627F6B49C0051CBC6 /* Main.storyboard in Resources */,
			);
			runOnlyForDeploymentPostprocessing = 0;
		};
		B6E0967F27F6B49E0051CBC6 /* Resources */ = {
			isa = PBXResourcesBuildPhase;
			buildActionMask = 2147483647;
			files = (
			);
			runOnlyForDeploymentPostprocessing = 0;
		};
		B6E0968927F6B49E0051CBC6 /* Resources */ = {
			isa = PBXResourcesBuildPhase;
			buildActionMask = 2147483647;
			files = (
			);
			runOnlyForDeploymentPostprocessing = 0;
		};
/* End PBXResourcesBuildPhase section */

/* Begin PBXSourcesBuildPhase section */
		B6E0966727F6B49C0051CBC6 /* Sources */ = {
			isa = PBXSourcesBuildPhase;
			buildActionMask = 2147483647;
			files = (
				B6E0967327F6B49C0051CBC6 /* ViewController.swift in Sources */,
				B6E0966F27F6B49C0051CBC6 /* AppDelegate.swift in Sources */,
				B6E0967127F6B49C0051CBC6 /* SceneDelegate.swift in Sources */,
			);
			runOnlyForDeploymentPostprocessing = 0;
		};
		B6E0967D27F6B49E0051CBC6 /* Sources */ = {
			isa = PBXSourcesBuildPhase;
			buildActionMask = 2147483647;
			files = (
				B6E0968627F6B49E0051CBC6 /* TollCalculatorTests.swift in Sources */,
			);
			runOnlyForDeploymentPostprocessing = 0;
		};
		B6E0968727F6B49E0051CBC6 /* Sources */ = {
			isa = PBXSourcesBuildPhase;
			buildActionMask = 2147483647;
			files = (
				B6E0969027F6B49E0051CBC6 /* TollCalculatorUITests.swift in Sources */,
				B6E0969227F6B49E0051CBC6 /* TollCalculatorUITestsLaunchTests.swift in Sources */,
			);
			runOnlyForDeploymentPostprocessing = 0;
		};
/* End PBXSourcesBuildPhase section */

/* Begin PBXTargetDependency section */
		B6E0968327F6B49E0051CBC6 /* PBXTargetDependency */ = {
			isa = PBXTargetDependency;
			target = B6E0966A27F6B49C0051CBC6 /* TollCalculator */;
			targetProxy = B6E0968227F6B49E0051CBC6 /* PBXContainerItemProxy */;
		};
		B6E0968D27F6B49E0051CBC6 /* PBXTargetDependency */ = {
			isa = PBXTargetDependency;
			target = B6E0966A27F6B49C0051CBC6 /* TollCalculator */;
			targetProxy = B6E0968C27F6B49E0051CBC6 /* PBXContainerItemProxy */;
		};
/* End PBXTargetDependency section */

/* Begin PBXVariantGroup section */
		B6E0967427F6B49C0051CBC6 /* Main.storyboard */ = {
			isa = PBXVariantGroup;
			children = (
				B6E0967527F6B49C0051CBC6 /* Base */,
			);
			name = Main.storyboard;
			sourceTree = "<group>";
		};
		B6E0967927F6B49E0051CBC6 /* LaunchScreen.storyboard */ = {
			isa = PBXVariantGroup;
			children = (
				B6E0967A27F6B49E0051CBC6 /* Base */,
			);
			name = LaunchScreen.storyboard;
			sourceTree = "<group>";
		};
/* End PBXVariantGroup section */

/* Begin XCBuildConfiguration section */
		B6E0969327F6B49E0051CBC6 /* Debug */ = {
			isa = XCBuildConfiguration;
			buildSettings = {
				ALWAYS_SEARCH_USER_PATHS = NO;
				CLANG_ANALYZER_NONNULL = YES;
				CLANG_ANALYZER_NUMBER_OBJECT_CONVERSION = YES_AGGRESSIVE;
				CLANG_CXX_LANGUAGE_STANDARD = "gnu++17";
				CLANG_CXX_LIBRARY = "libc++";
				CLANG_ENABLE_MODULES = YES;
				CLANG_ENABLE_OBJC_ARC = YES;
				CLANG_ENABLE_OBJC_WEAK = YES;
				CLANG_WARN_BLOCK_CAPTURE_AUTORELEASING = YES;
				CLANG_WARN_BOOL_CONVERSION = YES;
				CLANG_WARN_COMMA = YES;
				CLANG_WARN_CONSTANT_CONVERSION = YES;
				CLANG_WARN_DEPRECATED_OBJC_IMPLEMENTATIONS = YES;
				CLANG_WARN_DIRECT_OBJC_ISA_USAGE = YES_ERROR;
				CLANG_WARN_DOCUMENTATION_COMMENTS = YES;
				CLANG_WARN_EMPTY_BODY = YES;
				CLANG_WARN_ENUM_CONVERSION = YES;
				CLANG_WARN_INFINITE_RECURSION = YES;
				CLANG_WARN_INT_CONVERSION = YES;
				CLANG_WARN_NON_LITERAL_NULL_CONVERSION = YES;
				CLANG_WARN_OBJC_IMPLICIT_RETAIN_SELF = YES;
				CLANG_WARN_OBJC_LITERAL_CONVERSION = YES;
				CLANG_WARN_OBJC_ROOT_CLASS = YES_ERROR;
				CLANG_WARN_QUOTED_INCLUDE_IN_FRAMEWORK_HEADER = YES;
				CLANG_WARN_RANGE_LOOP_ANALYSIS = YES;
				CLANG_WARN_STRICT_PROTOTYPES = YES;
				CLANG_WARN_SUSPICIOUS_MOVE = YES;
				CLANG_WARN_UNGUARDED_AVAILABILITY = YES_AGGRESSIVE;
				CLANG_WARN_UNREACHABLE_CODE = YES;
				CLANG_WARN__DUPLICATE_METHOD_MATCH = YES;
				COPY_PHASE_STRIP = NO;
				DEBUG_INFORMATION_FORMAT = dwarf;
				ENABLE_STRICT_OBJC_MSGSEND = YES;
				ENABLE_TESTABILITY = YES;
				GCC_C_LANGUAGE_STANDARD = gnu11;
				GCC_DYNAMIC_NO_PIC = NO;
				GCC_NO_COMMON_BLOCKS = YES;
				GCC_OPTIMIZATION_LEVEL = 0;
				GCC_PREPROCESSOR_DEFINITIONS = (
					"DEBUG=1",
					"$(inherited)",
				);
				GCC_WARN_64_TO_32_BIT_CONVERSION = YES;
				GCC_WARN_ABOUT_RETURN_TYPE = YES_ERROR;
				GCC_WARN_UNDECLARED_SELECTOR = YES;
				GCC_WARN_UNINITIALIZED_AUTOS = YES_AGGRESSIVE;
				GCC_WARN_UNUSED_FUNCTION = YES;
				GCC_WARN_UNUSED_VARIABLE = YES;
				IPHONEOS_DEPLOYMENT_TARGET = 15.2;
				MTL_ENABLE_DEBUG_INFO = INCLUDE_SOURCE;
				MTL_FAST_MATH = YES;
				ONLY_ACTIVE_ARCH = YES;
				SDKROOT = iphoneos;
				SWIFT_ACTIVE_COMPILATION_CONDITIONS = DEBUG;
				SWIFT_OPTIMIZATION_LEVEL = "-Onone";
			};
			name = Debug;
		};
		B6E0969427F6B49E0051CBC6 /* Release */ = {
			isa = XCBuildConfiguration;
			buildSettings = {
				ALWAYS_SEARCH_USER_PATHS = NO;
				CLANG_ANALYZER_NONNULL = YES;
				CLANG_ANALYZER_NUMBER_OBJECT_CONVERSION = YES_AGGRESSIVE;
				CLANG_CXX_LANGUAGE_STANDARD = "gnu++17";
				CLANG_CXX_LIBRARY = "libc++";
				CLANG_ENABLE_MODULES = YES;
				CLANG_ENABLE_OBJC_ARC = YES;
				CLANG_ENABLE_OBJC_WEAK = YES;
				CLANG_WARN_BLOCK_CAPTURE_AUTORELEASING = YES;
				CLANG_WARN_BOOL_CONVERSION = YES;
				CLANG_WARN_COMMA = YES;
				CLANG_WARN_CONSTANT_CONVERSION = YES;
				CLANG_WARN_DEPRECATED_OBJC_IMPLEMENTATIONS = YES;
				CLANG_WARN_DIRECT_OBJC_ISA_USAGE = YES_ERROR;
				CLANG_WARN_DOCUMENTATION_COMMENTS = YES;
				CLANG_WARN_EMPTY_BODY = YES;
				CLANG_WARN_ENUM_CONVERSION = YES;
				CLANG_WARN_INFINITE_RECURSION = YES;
				CLANG_WARN_INT_CONVERSION = YES;
				CLANG_WARN_NON_LITERAL_NULL_CONVERSION = YES;
				CLANG_WARN_OBJC_IMPLICIT_RETAIN_SELF = YES;
				CLANG_WARN_OBJC_LITERAL_CONVERSION = YES;
				CLANG_WARN_OBJC_ROOT_CLASS = YES_ERROR;
				CLANG_WARN_QUOTED_INCLUDE_IN_FRAMEWORK_HEADER = YES;
				CLANG_WARN_RANGE_LOOP_ANALYSIS = YES;
				CLANG_WARN_STRICT_PROTOTYPES = YES;
				CLANG_WARN_SUSPICIOUS_MOVE = YES;
				CLANG_WARN_UNGUARDED_AVAILABILITY = YES_AGGRESSIVE;
				CLANG_WARN_UNREACHABLE_CODE = YES;
				CLANG_WARN__DUPLICATE_METHOD_MATCH = YES;
				COPY_PHASE_STRIP = NO;
				DEBUG_INFORMATION_FORMAT = "dwarf-with-dsym";
				ENABLE_NS_ASSERTIONS = NO;
				ENABLE_STRICT_OBJC_MSGSEND = YES;
				GCC_C_LANGUAGE_STANDARD = gnu11;
				GCC_NO_COMMON_BLOCKS = YES;
				GCC_WARN_64_TO_32_BIT_CONVERSION = YES;
				GCC_WARN_ABOUT_RETURN_TYPE = YES_ERROR;
				GCC_WARN_UNDECLARED_SELECTOR = YES;
				GCC_WARN_UNINITIALIZED_AUTOS = YES_AGGRESSIVE;
				GCC_WARN_UNUSED_FUNCTION = YES;
				GCC_WARN_UNUSED_VARIABLE = YES;
				IPHONEOS_DEPLOYMENT_TARGET = 15.2;
				MTL_ENABLE_DEBUG_INFO = NO;
				MTL_FAST_MATH = YES;
				SDKROOT = iphoneos;
				SWIFT_COMPILATION_MODE = wholemodule;
				SWIFT_OPTIMIZATION_LEVEL = "-O";
				VALIDATE_PRODUCT = YES;
			};
			name = Release;
		};
		B6E0969627F6B49E0051CBC6 /* Debug */ = {
			isa = XCBuildConfiguration;
			buildSettings = {
				ASSETCATALOG_COMPILER_APPICON_NAME = AppIcon;
				ASSETCATALOG_COMPILER_GLOBAL_ACCENT_COLOR_NAME = AccentColor;
				CODE_SIGN_STYLE = Automatic;
				CURRENT_PROJECT_VERSION = 1;
				GENERATE_INFOPLIST_FILE = YES;
				INFOPLIST_FILE = TollCalculator/Info.plist;
				INFOPLIST_KEY_UIApplicationSupportsIndirectInputEvents = YES;
				INFOPLIST_KEY_UILaunchStoryboardName = LaunchScreen;
				INFOPLIST_KEY_UIMainStoryboardFile = Main;
				INFOPLIST_KEY_UISupportedInterfaceOrientations_iPad = "UIInterfaceOrientationPortrait UIInterfaceOrientationPortraitUpsideDown UIInterfaceOrientationLandscapeLeft UIInterfaceOrientationLandscapeRight";
				INFOPLIST_KEY_UISupportedInterfaceOrientations_iPhone = "UIInterfaceOrientationPortrait UIInterfaceOrientationLandscapeLeft UIInterfaceOrientationLandscapeRight";
				LD_RUNPATH_SEARCH_PATHS = (
					"$(inherited)",
					"@executable_path/Frameworks",
				);
				MARKETING_VERSION = 1.0;
				PRODUCT_BUNDLE_IDENTIFIER = com.dev.TollCalculator;
				PRODUCT_NAME = "$(TARGET_NAME)";
				SWIFT_EMIT_LOC_STRINGS = YES;
				SWIFT_VERSION = 5.0;
				TARGETED_DEVICE_FAMILY = "1,2";
			};
			name = Debug;
		};
		B6E0969727F6B49E0051CBC6 /* Release */ = {
			isa = XCBuildConfiguration;
			buildSettings = {
				ASSETCATALOG_COMPILER_APPICON_NAME = AppIcon;
				ASSETCATALOG_COMPILER_GLOBAL_ACCENT_COLOR_NAME = AccentColor;
				CODE_SIGN_STYLE = Automatic;
				CURRENT_PROJECT_VERSION = 1;
				GENERATE_INFOPLIST_FILE = YES;
				INFOPLIST_FILE = TollCalculator/Info.plist;
				INFOPLIST_KEY_UIApplicationSupportsIndirectInputEvents = YES;
				INFOPLIST_KEY_UILaunchStoryboardName = LaunchScreen;
				INFOPLIST_KEY_UIMainStoryboardFile = Main;
				INFOPLIST_KEY_UISupportedInterfaceOrientations_iPad = "UIInterfaceOrientationPortrait UIInterfaceOrientationPortraitUpsideDown UIInterfaceOrientationLandscapeLeft UIInterfaceOrientationLandscapeRight";
				INFOPLIST_KEY_UISupportedInterfaceOrientations_iPhone = "UIInterfaceOrientationPortrait UIInterfaceOrientationLandscapeLeft UIInterfaceOrientationLandscapeRight";
				LD_RUNPATH_SEARCH_PATHS = (
					"$(inherited)",
					"@executable_path/Frameworks",
				);
				MARKETING_VERSION = 1.0;
				PRODUCT_BUNDLE_IDENTIFIER = com.dev.TollCalculator;
				PRODUCT_NAME = "$(TARGET_NAME)";
				SWIFT_EMIT_LOC_STRINGS = YES;
				SWIFT_VERSION = 5.0;
				TARGETED_DEVICE_FAMILY = "1,2";
			};
			name = Release;
		};
		B6E0969927F6B49E0051CBC6 /* Debug */ = {
			isa = XCBuildConfiguration;
			buildSettings = {
				ALWAYS_EMBED_SWIFT_STANDARD_LIBRARIES = YES;
				BUNDLE_LOADER = "$(TEST_HOST)";
				CODE_SIGN_STYLE = Automatic;
				CURRENT_PROJECT_VERSION = 1;
				GENERATE_INFOPLIST_FILE = YES;
				IPHONEOS_DEPLOYMENT_TARGET = 15.2;
				MARKETING_VERSION = 1.0;
				PRODUCT_BUNDLE_IDENTIFIER = com.dev.TollCalculatorTests;
				PRODUCT_NAME = "$(TARGET_NAME)";
				SWIFT_EMIT_LOC_STRINGS = NO;
				SWIFT_VERSION = 5.0;
				TARGETED_DEVICE_FAMILY = "1,2";
				TEST_HOST = "$(BUILT_PRODUCTS_DIR)/TollCalculator.app/TollCalculator";
			};
			name = Debug;
		};
		B6E0969A27F6B49E0051CBC6 /* Release */ = {
			isa = XCBuildConfiguration;
			buildSettings = {
				ALWAYS_EMBED_SWIFT_STANDARD_LIBRARIES = YES;
				BUNDLE_LOADER = "$(TEST_HOST)";
				CODE_SIGN_STYLE = Automatic;
				CURRENT_PROJECT_VERSION = 1;
				GENERATE_INFOPLIST_FILE = YES;
				IPHONEOS_DEPLOYMENT_TARGET = 15.2;
				MARKETING_VERSION = 1.0;
				PRODUCT_BUNDLE_IDENTIFIER = com.dev.TollCalculatorTests;
				PRODUCT_NAME = "$(TARGET_NAME)";
				SWIFT_EMIT_LOC_STRINGS = NO;
				SWIFT_VERSION = 5.0;
				TARGETED_DEVICE_FAMILY = "1,2";
				TEST_HOST = "$(BUILT_PRODUCTS_DIR)/TollCalculator.app/TollCalculator";
			};
			name = Release;
		};
		B6E0969C27F6B49E0051CBC6 /* Debug */ = {
			isa = XCBuildConfiguration;
			buildSettings = {
				ALWAYS_EMBED_SWIFT_STANDARD_LIBRARIES = YES;
				CODE_SIGN_STYLE = Automatic;
				CURRENT_PROJECT_VERSION = 1;
				GENERATE_INFOPLIST_FILE = YES;
				MARKETING_VERSION = 1.0;
				PRODUCT_BUNDLE_IDENTIFIER = com.dev.TollCalculatorUITests;
				PRODUCT_NAME = "$(TARGET_NAME)";
				SWIFT_EMIT_LOC_STRINGS = NO;
				SWIFT_VERSION = 5.0;
				TARGETED_DEVICE_FAMILY = "1,2";
				TEST_TARGET_NAME = TollCalculator;
			};
			name = Debug;
		};
		B6E0969D27F6B49E0051CBC6 /* Release */ = {
			isa = XCBuildConfiguration;
			buildSettings = {
				ALWAYS_EMBED_SWIFT_STANDARD_LIBRARIES = YES;
				CODE_SIGN_STYLE = Automatic;
				CURRENT_PROJECT_VERSION = 1;
				GENERATE_INFOPLIST_FILE = YES;
				MARKETING_VERSION = 1.0;
				PRODUCT_BUNDLE_IDENTIFIER = com.dev.TollCalculatorUITests;
				PRODUCT_NAME = "$(TARGET_NAME)";
				SWIFT_EMIT_LOC_STRINGS = NO;
				SWIFT_VERSION = 5.0;
				TARGETED_DEVICE_FAMILY = "1,2";
				TEST_TARGET_NAME = TollCalculator;
			};
			name = Release;
		};
/* End XCBuildConfiguration section */

/* Begin XCConfigurationList section */
		B6E0966627F6B49C0051CBC6 /* Build configuration list for PBXProject "TollCalculator" */ = {
			isa = XCConfigurationList;
			buildConfigurations = (
				B6E0969327F6B49E0051CBC6 /* Debug */,
				B6E0969427F6B49E0051CBC6 /* Release */,
			);
			defaultConfigurationIsVisible = 0;
			defaultConfigurationName = Release;
		};
		B6E0969527F6B49E0051CBC6 /* Build configuration list for PBXNativeTarget "TollCalculator" */ = {
			isa = XCConfigurationList;
			buildConfigurations = (
				B6E0969627F6B49E0051CBC6 /* Debug */,
				B6E0969727F6B49E0051CBC6 /* Release */,
			);
			defaultConfigurationIsVisible = 0;
			defaultConfigurationName = Release;
		};
		B6E0969827F6B49E0051CBC6 /* Build configuration list for PBXNativeTarget "TollCalculatorTests" */ = {
			isa = XCConfigurationList;
			buildConfigurations = (
				B6E0969927F6B49E0051CBC6 /* Debug */,
				B6E0969A27F6B49E0051CBC6 /* Release */,
			);
			defaultConfigurationIsVisible = 0;
			defaultConfigurationName = Release;
		};
		B6E0969B27F6B49E0051CBC6 /* Build configuration list for PBXNativeTarget "TollCalculatorUITests" */ = {
			isa = XCConfigurationList;
			buildConfigurations = (
				B6E0969C27F6B49E0051CBC6 /* Debug */,
				B6E0969D27F6B49E0051CBC6 /* Release */,
			);
			defaultConfigurationIsVisible = 0;
			defaultConfigurationName = Release;
		};
/* End XCConfigurationList section */
	};
	rootObject = B6E0966327F6B49C0051CBC6 /* Project object */;
}
